Microsoft Visual Studio Solution File, Format Version 11.00
# Visual Studio 2010
Project("{FAE04EC0-301F-11D3-BF4B-00C04F79EFBC}") = "LVCAddAndDumpCLI", "LVCAddAndDumpCLI.csproj", "{68CC60F9-5F6C-4819-BD32-BCA206070FA6}"
EndProject
Project("{2150E333-8FDC-42A3-9474-1A3956D46DE8}") = "Solution Items", "Solution Items", "{20B35E68-F784-4B9A-AB5D-BDC91014C13B}"
EndProject
Global
	GlobalSection(SolutionConfigurationPlatforms) = preSolution
		Debug|Any CPU = Debug|Any CPU
		Release|Any CPU = Release|Any CPU
	EndGlobalSection
	GlobalSection(ProjectConfigurationPlatforms) = postSolution
		{68CC60F9-5F6C-4819-BD32-BCA206070FA6}.Debug|Any CPU.ActiveCfg = Debug|Any CPU
		{68CC60F9-5F6C-4819-BD32-BCA206070FA6}.Release|Any CPU.ActiveCfg = Release|Any CPU
	EndGlobalSection
	GlobalSection(SolutionProperties) = preSolution
		HideSolutionNode = FALSE
	EndGlobalSection
EndGlobal
