Microsoft Visual Studio Solution File, Format Version 11.00
# Visual Studio 2010
Project("{FAE04EC0-301F-11D3-BF4B-00C04F79EFBC}") = "SwapCurve", "PubCurve.csproj", "{68CC60F9-5F6C-4819-BD32-BCA206070FA6}"
EndProject
Project("{FAE04EC0-301F-11D3-BF4B-00C04F79EFBC}") = "SwapCurve", "SubCurve.csproj", "{68CC60F9-5F6C-4819-BD32-BCA206070FA7}"
EndProject
Global
	GlobalSection(SolutionConfigurationPlatforms) = preSolution
		Debug|Any CPU = Debug|Any CPU
		Release|Any CPU = Release|Any CPU
	EndGlobalSection
	GlobalSection(ProjectConfigurationPlatforms) = postSolution
		{68CC60F9-5F6C-4819-BD32-BCA206070FA6}.Debug|Any CPU.ActiveCfg = Debug|Any CPU
		{68CC60F9-5F6C-4819-BD32-BCA206070FA6}.Release|Any CPU.ActiveCfg = Release|Any CPU
		{68CC60F9-5F6C-4819-BD32-BCA206070FA7}.Debug|Any CPU.ActiveCfg = Debug|Any CPU
		{68CC60F9-5F6C-4819-BD32-BCA206070FA7}.Release|Any CPU.ActiveCfg = Release|Any CPU
	EndGlobalSection
	GlobalSection(SolutionProperties) = preSolution
		HideSolutionNode = FALSE
	EndGlobalSection
EndGlobal
